
Microsoft Visual Studio Solution File, Format Version 12.00
# Visual Studio 2013
VisualStudioVersion = 12.0.30501.0
MinimumVisualStudioVersion = 10.0.40219.1
Project("{2150E333-8FDC-42A3-9474-1A3956D46DE8}") = "Reegenerator", "Reegenerator", "{A08A33CD-009C-4D19-B2A3-8A81B667D11D}"
	ProjectSection(SolutionItems) = preProject
		RgenAttachedRenderers.xml = RgenAttachedRenderers.xml
		RgenDependencies.xml = RgenDependencies.xml
	EndProjectSection
EndProject
Project("{FAE04EC0-301F-11D3-BF4B-00C04F79EFBC}") = "Templates", "Templates\Templates.csproj", "{AD46592A-87B9-4BF2-9F47-B7CD63A01E70}"
EndProject
Project("{FAE04EC0-301F-11D3-BF4B-00C04F79EFBC}") = "Attributes", "Attributes\Attributes.csproj", "{1CF4996B-DA27-476A-9951-105241589F9C}"
EndProject
Project("{FAE04EC0-301F-11D3-BF4B-00C04F79EFBC}") = "RgenLib", "RgenLib\RgenLib.csproj", "{FA884BB3-23D7-495C-A246-364FB3B2A478}"
EndProject
Project("{FAE04EC0-301F-11D3-BF4B-00C04F79EFBC}") = "WpfTest", "WpfTest\WpfTest.csproj", "{4D83F620-EF63-4E06-A3C6-A8C0AE48796B}"
EndProject
Global
	GlobalSection(SolutionConfigurationPlatforms) = preSolution
		Debug|Any CPU = Debug|Any CPU
		Reegenerator|Any CPU = Reegenerator|Any CPU
		Release|Any CPU = Release|Any CPU
	EndGlobalSection
	GlobalSection(ProjectConfigurationPlatforms) = postSolution
		{AD46592A-87B9-4BF2-9F47-B7CD63A01E70}.Debug|Any CPU.ActiveCfg = Debug|Any CPU
		{AD46592A-87B9-4BF2-9F47-B7CD63A01E70}.Debug|Any CPU.Build.0 = Debug|Any CPU
		{AD46592A-87B9-4BF2-9F47-B7CD63A01E70}.Reegenerator|Any CPU.ActiveCfg = Release|Any CPU
		{AD46592A-87B9-4BF2-9F47-B7CD63A01E70}.Reegenerator|Any CPU.Build.0 = Release|Any CPU
		{AD46592A-87B9-4BF2-9F47-B7CD63A01E70}.Release|Any CPU.ActiveCfg = Release|Any CPU
		{1CF4996B-DA27-476A-9951-105241589F9C}.Debug|Any CPU.ActiveCfg = Debug|Any CPU
		{1CF4996B-DA27-476A-9951-105241589F9C}.Debug|Any CPU.Build.0 = Debug|Any CPU
		{1CF4996B-DA27-476A-9951-105241589F9C}.Reegenerator|Any CPU.ActiveCfg = Release|Any CPU
		{1CF4996B-DA27-476A-9951-105241589F9C}.Reegenerator|Any CPU.Build.0 = Release|Any CPU
		{1CF4996B-DA27-476A-9951-105241589F9C}.Release|Any CPU.ActiveCfg = Release|Any CPU
		{1CF4996B-DA27-476A-9951-105241589F9C}.Release|Any CPU.Build.0 = Release|Any CPU
		{FA884BB3-23D7-495C-A246-364FB3B2A478}.Debug|Any CPU.ActiveCfg = Debug|Any CPU
		{FA884BB3-23D7-495C-A246-364FB3B2A478}.Debug|Any CPU.Build.0 = Debug|Any CPU
		{FA884BB3-23D7-495C-A246-364FB3B2A478}.Reegenerator|Any CPU.ActiveCfg = Reegenerator|Any CPU
		{FA884BB3-23D7-495C-A246-364FB3B2A478}.Reegenerator|Any CPU.Build.0 = Reegenerator|Any CPU
		{FA884BB3-23D7-495C-A246-364FB3B2A478}.Release|Any CPU.ActiveCfg = Release|Any CPU
		{FA884BB3-23D7-495C-A246-364FB3B2A478}.Release|Any CPU.Build.0 = Release|Any CPU
		{4D83F620-EF63-4E06-A3C6-A8C0AE48796B}.Debug|Any CPU.ActiveCfg = Debug|Any CPU
		{4D83F620-EF63-4E06-A3C6-A8C0AE48796B}.Debug|Any CPU.Build.0 = Debug|Any CPU
		{4D83F620-EF63-4E06-A3C6-A8C0AE48796B}.Reegenerator|Any CPU.ActiveCfg = Release|Any CPU
		{4D83F620-EF63-4E06-A3C6-A8C0AE48796B}.Reegenerator|Any CPU.Build.0 = Release|Any CPU
		{4D83F620-EF63-4E06-A3C6-A8C0AE48796B}.Release|Any CPU.ActiveCfg = Release|Any CPU
		{4D83F620-EF63-4E06-A3C6-A8C0AE48796B}.Release|Any CPU.Build.0 = Release|Any CPU
	EndGlobalSection
	GlobalSection(SolutionProperties) = preSolution
		HideSolutionNode = FALSE
	EndGlobalSection
EndGlobal
